{
    "_meta": {
        "hash": {
            "sha256": "de7c4618756cce934995638bbf1ff4519a0820cf74e09576677d960009f6cbd2"
        },
        "pipfile-spec": 6,
        "requires": {
            "python_version": "3.12"
        },
        "sources": [
            {
                "name": "pypi",
                "url": "https://pypi.org/simple",
                "verify_ssl": true
            }
        ]
    },
    "default": {
        "ifaddr": {
            "hashes": [
                "sha256:085e0305cfe6f16ab12d72e2024030f5d52674afad6911bb1eee207177b8a748",
                "sha256:cc0cbfcaabf765d44595825fb96a99bb12c79716b73b44330ea38ee2b0c4aed4"
            ],
            "version": "==0.2.0"
        },
        "zeroconf": {
            "hashes": [
                "sha256:0096c74aee29595ed001d5f6d5208984c253aed4fa0b933f67af540e87853134",
                "sha256:02a99c1d85c5adf7a84bad7d629e7fe119077b3b1e7f4623c53c24e7d17cab16",
                "sha256:04a14600acbb191451fb21d3994b50740b86b7cf26a2ae782755add99153bdd8",
                "sha256:07ce9c00500cfbf4f10fce0f4942a2df5d65034b095fb2881c8d36a89db8de2b",
                "sha256:0f6cff0ea6144305c42cafe9f5c7b055508ab2810aa4aa51918cd7f446313072",
                "sha256:0fb2e91135dad695875b796d9616ab4ffbe50092c073fa518c7947799fa3fc41",
                "sha256:135d10214bf43d487a15dfb77935b928804a20d794981231d8635ef68daa420d",
                "sha256:14602f82cf848bd7878d4b66eb9d6f8418b16128f2dde359f73ba8f5cba5abb1",
                "sha256:17003dc32a3cd93aae4c700d2e92dbccabc24f17d47e0858195e18be56ddf7d6",
                "sha256:1799d52c338da909e68977cb3f75c39d642cd84707e5077d8b041977a1a65802",
                "sha256:1c880d6a7d44d47ab1369c51ef838a661422bedc6fa1023875f9f37b01cfc9f4",
                "sha256:22ce0e8a67237853f4ffb559a51c9b0d296452e9402b29712bd35cef34543130",
                "sha256:25fad37f216a8bf5c121bd8f4d31db91b7214b2cbe8fb483f3fb0d9f5958833b",
                "sha256:29bd37a39a5369d954c7f839a3b55a5e9c339d86963bcf57d700b98ee24b5e46",
                "sha256:2b80892a7db42150f231ee0f2ce128679c38a7b1e01e545b3c6668ba349c4cbc",
                "sha256:2dac1319b2c381f12ec4a54f43ca7e165c313f0e73208d8349003ee247378841",
                "sha256:35a3d027d110e9e2ff0af6c6c0dcda361968bbda266e85907b65b556653bf993",
                "sha256:37e3d26a3cda0d7804e316c1c15a1311d53a68b4001cad0e83ae6bb8593ab845",
                "sha256:442f6dfc6abfc5525820526457ffcb312620e352aa795eba70e8ed0a822387ed",
                "sha256:5ee5909f673abca7b48b4fec37f4b8e95982c7015daa72b971f0eb321c2d72f7",
                "sha256:5f2e7d26bba233917878e16a77a07121eafa469fd1ddd5d61dd615cee0294c81",
                "sha256:66e59d1eb72adde86fae98e347c63a32c267df8f9b1549f13c54fbf763f34036",
                "sha256:68249eb3bf5782a7bd4977840c9a508011f2fffc85c9a1f2bb8e7c459681827a",
                "sha256:68776c7a5e27b9740ae1eb21cbcfcb2f504c7621b876f63c55934cccc7ee8727",
                "sha256:702d11cddffb0e9e362c8962bb86bdeffa589e75c1c49431bc186747c9000565",
                "sha256:749a4910e2b58523e9cd38f929691aa66bd66bd0ea8f282acbd06f390da0a0a9",
                "sha256:7a82c7bd0327266ef9f04a5272b0bb79812ddcefccf944320b5f3519586bbc82",
                "sha256:7c812a90247c05e04c8faa3184c04aab6a6c18f51104bbaf621435091f01fa28",
                "sha256:7e7053e2fbca401dbb088d4c6e734fa8c3f5c217c363eb66970c976ce9d6b711",
                "sha256:90e766d09a22bcc4fcbd127280baf4b650eb45f9deb8553ee7acba0fc2e7191f",
                "sha256:968b6851162085022807e979d5c75398a7b27cc740095c80ef23390c64294c10",
                "sha256:9c21794173efa3433f621be0eedb4a4ef6bac4efdd41ad649aa2e5180d93cdec",
                "sha256:9dd2f62fa547dd32a64f8d50ddcde694d8e701f615cdde93a9bb4ffdd11f9066",
                "sha256:9e155e2770abd8c954e6c2c50afd572bc04497e060e1b6e09958b4af9e2a4a78",
                "sha256:9f77406cb090442934b29b6ea8adb9fe7131836e583a667e3b52927c0408ee49",
                "sha256:a24d8e919462930eef85eba7a73742053656d83ac6e971405cefbb4ea2f23ba9",
                "sha256:a7805cc6e1514ad7cfa18cd5902a01e25672eb157dc64d99a8f7c4332a603f84",
                "sha256:aa49c7244a04a865195bb24bcc3f581b39a852776de549b798865eda1e72d26a",
                "sha256:ab90daaace8aa7ba3c4bb2cd9b92557f9d6fcea2410568e35599378b24fa2a40",
                "sha256:abb2c5ce49ba3f8d4051cd20aa23b17f480ee61300abe3fb68b4a72316ece369",
                "sha256:ac28331680e3566257f1465ee91771006052db2086bd810d88d221e17cd68edf",
                "sha256:ae080bedd8c95f950652bfc5def13be8f7a216ccf237ecf439007be21919df84",
                "sha256:afe367ff62b5bff92412bf925a610ee45cb0cb152f914008a924a728c7ef2c87",
                "sha256:b1d324c88acf63333ae5ac3598a67fa71805a2e2429267060c3a18e4f76c2f35",
                "sha256:b283c141bb47e9ad5e6c47008ec6560dd3f458e43170a3da0b95baa379f9d1c0",
                "sha256:b49350149950eea90c18d53f1295df230b64997977f4dfdafd61237828273251",
                "sha256:b60ae0c865dfbaa9235c38044cd584b5dfdd670b9968a85214b31fde02e2ce81",
                "sha256:bd9eef97d00863ff37e55d05f9db5fb497ee1619af21f482b2a8247c674236f7",
                "sha256:c57ce5e48f79b3a69c3b8dcaa0751d4ae51eed9313ebcb15868884139f379de4",
                "sha256:c5e60f21d7b98a01b3f004aec1373c785df528a102e75e7a8c1a25fcf70fe527",
                "sha256:c87aabc12dd6cc7ebf072fdcbec2d6850f89d26249cd4c5c099825cd55c14bcb",
                "sha256:ca252c1340d3bef505c337914437c88558cb146e48c05f0fca974b11f742226c",
                "sha256:ce721362d90150a6d53491585e76fae1e91603dd75ff9edd5ad4377ef1be4fed",
                "sha256:cf9ba8e62fe3b419039bcffac8ceef250d0d7f1ec835c1c28e482893b4b18913",
                "sha256:d654e54abeacf429fca991b40b887ae5993e70f99a6f4030242ec6a268f6fe69",
                "sha256:d9808978011dfb5801fdccc541c7bb97f3bafca86bf7fc9e0022c70d60caca33",
                "sha256:dba9262cc6e872c4cf705bb44b9338240ddcdd530128d1169b80d068a46912a8",
                "sha256:dd5e7211e294a0c79ffaae9770862dcccc5070b06a5a9f3e1ec2fb65d3833b21",
                "sha256:dfddd297732ec5c832ae38cf6d6a04a85024608656ea4855905d3c3fdea488b2",
                "sha256:e17ef3b66c175909dc0c4b420ab5a344fd220889bef84bd9b2745fe8213ea386",
                "sha256:e315018f0ea848a3a45fcbb92af3485c1d4b95460ba60579a5aa33740226fe20",
                "sha256:e6b5d2fbb7d63ea9db290b5c35ee908fcd1d7f09985cc4cfb4988c97d6e3026c",
                "sha256:ed666fb4c590318bad1277d06b178cdd2a0f2122107b9b5181c592fb8b36992e",
                "sha256:f37aa510795043c50467093990f59772070d857936a5f79959d963022dc7dc27",
                "sha256:f3f451d676a03ebc1eefbdcdd43f67af8b61c64b71151075934e7da6faea5a7b",
                "sha256:f589fab6342058e1511fa3d9d709edc23de31d7f820571cb793d1bffbb953934",
                "sha256:f8a58db4aa6198c52d60faaef369d92256ff7f0ea1c522a83e27151d701dda31"
            ],
            "index": "pypi",
            "markers": "python_version >= '3.8' and python_version < '4.0'",
            "version": "==0.136.0"
        }
    },
    "develop": {}
}
